
Microsoft Visual Studio Solution File, Format Version 12.00
# Visual Studio Version 17
VisualStudioVersion = 17.5.33209.295
MinimumVisualStudioVersion = 10.0.40219.1
Project("{9A19103F-16F7-4668-BE54-9A1E7A4F7556}") = "NuSocial", "src\NuSocial\NuSocial.csproj", "{B0A1AC0C-FE53-415D-AC62-376111B20F07}"
EndProject
Project("{9A19103F-16F7-4668-BE54-9A1E7A4F7556}") = "NuSocial.Tests", "tests\NuSocial.Tests\NuSocial.Tests.csproj", "{DA2912C5-7768-4744-8BE5-8ABFB162C39D}"
EndProject
Project("{2150E333-8FDC-42A3-9474-1A3956D46DE8}") = "Solution Items", "Solution Items", "{B82E3B66-170C-4AE0-8591-B03CE3B49C6C}"
	ProjectSection(SolutionItems) = preProject
		.editorconfig = .editorconfig
		.github\workflows\main.yml = .github\workflows\main.yml
		README.md = README.md
	EndProjectSection
EndProject
Project("{9A19103F-16F7-4668-BE54-9A1E7A4F7556}") = "NostrKey", "src\NostrKey\NostrKey.csproj", "{A921D407-D572-472C-95BB-42EEAEB1ABB0}"
EndProject
Project("{9A19103F-16F7-4668-BE54-9A1E7A4F7556}") = "NostrLib.ConsoleApp", "src\NostrLib.ConsoleApp\NostrLib.ConsoleApp.csproj", "{D0C5346A-E24E-43BA-9892-D8C9645F54B3}"
EndProject
Project("{FAE04EC0-301F-11D3-BF4B-00C04F79EFBC}") = "NNostr.Extensions", "src\NNostr.Extensions\NNostr.Extensions.csproj", "{5804A847-4D78-457C-A549-5A20C4C0EE89}"
EndProject
Global
	GlobalSection(SolutionConfigurationPlatforms) = preSolution
		Debug|Any CPU = Debug|Any CPU
		Release|Any CPU = Release|Any CPU
	EndGlobalSection
	GlobalSection(ProjectConfigurationPlatforms) = postSolution
		{B0A1AC0C-FE53-415D-AC62-376111B20F07}.Debug|Any CPU.ActiveCfg = Debug|Any CPU
		{B0A1AC0C-FE53-415D-AC62-376111B20F07}.Debug|Any CPU.Build.0 = Debug|Any CPU
		{B0A1AC0C-FE53-415D-AC62-376111B20F07}.Debug|Any CPU.Deploy.0 = Debug|Any CPU
		{B0A1AC0C-FE53-415D-AC62-376111B20F07}.Release|Any CPU.ActiveCfg = Release|Any CPU
		{DA2912C5-7768-4744-8BE5-8ABFB162C39D}.Debug|Any CPU.ActiveCfg = Debug|Any CPU
		{DA2912C5-7768-4744-8BE5-8ABFB162C39D}.Debug|Any CPU.Build.0 = Debug|Any CPU
		{DA2912C5-7768-4744-8BE5-8ABFB162C39D}.Release|Any CPU.ActiveCfg = Release|Any CPU
		{A921D407-D572-472C-95BB-42EEAEB1ABB0}.Debug|Any CPU.ActiveCfg = Debug|Any CPU
		{A921D407-D572-472C-95BB-42EEAEB1ABB0}.Debug|Any CPU.Build.0 = Debug|Any CPU
		{A921D407-D572-472C-95BB-42EEAEB1ABB0}.Release|Any CPU.ActiveCfg = Release|Any CPU
		{A921D407-D572-472C-95BB-42EEAEB1ABB0}.Release|Any CPU.Build.0 = Release|Any CPU
		{D0C5346A-E24E-43BA-9892-D8C9645F54B3}.Debug|Any CPU.ActiveCfg = Debug|Any CPU
		{D0C5346A-E24E-43BA-9892-D8C9645F54B3}.Debug|Any CPU.Build.0 = Debug|Any CPU
		{D0C5346A-E24E-43BA-9892-D8C9645F54B3}.Release|Any CPU.ActiveCfg = Release|Any CPU
		{D0C5346A-E24E-43BA-9892-D8C9645F54B3}.Release|Any CPU.Build.0 = Release|Any CPU
		{5804A847-4D78-457C-A549-5A20C4C0EE89}.Debug|Any CPU.ActiveCfg = Debug|Any CPU
		{5804A847-4D78-457C-A549-5A20C4C0EE89}.Debug|Any CPU.Build.0 = Debug|Any CPU
		{5804A847-4D78-457C-A549-5A20C4C0EE89}.Release|Any CPU.ActiveCfg = Release|Any CPU
		{5804A847-4D78-457C-A549-5A20C4C0EE89}.Release|Any CPU.Build.0 = Release|Any CPU
	EndGlobalSection
	GlobalSection(SolutionProperties) = preSolution
		HideSolutionNode = FALSE
	EndGlobalSection
	GlobalSection(ExtensibilityGlobals) = postSolution
		SolutionGuid = {D77DACFE-6915-462B-9046-93E1D629CDE7}
	EndGlobalSection
EndGlobal
